# This file is autogenerated, do not edit; changes may be undone by the next 'dep ensure'.


[[projects]]
  branch = "master"
  digest = "1:b02e5e3f836f077a3249d1dfe3c57d305e007f71a98f2e69c170a2dd8d2b266c"
  name = "github.com/AndreasBriese/bbloom"
  packages = ["."]
  pruneopts = "UT"
  revision = "343706a395b76e5ca5c7dca46a5d937b48febc74"

[[projects]]
  digest = "1:9f3b30d9f8e0d7040f729b82dcbc8f0dead820a133b3147ce355fc451f32d761"
  name = "github.com/BurntSushi/toml"
  packages = ["."]
  pruneopts = "UT"
  revision = "3012a1dbe2e4bd1391d42b32f0577cb7bbc7f005"
  version = "v0.3.1"

[[projects]]
  digest = "1:fdea3cb60194aafd6bc3c13d99a0cec30bb296a061952a23d13f26f0508d2511"
  name = "github.com/NebulousLabs/Sia"
  packages = [
    "build",
    "crypto",
    "encoding",
    "modules",
    "persist",
    "types",
  ]
  pruneopts = "UT"
  revision = "a25183288df2fc0ba6e43ef2d1b9644d0ec29ba1"
  version = "v1.3.7"

[[projects]]
  branch = "master"
  digest = "1:13077d94af7390c15eb9b9e85155e66236fde32a9ce82cea459606eb8a22545f"
  name = "github.com/NebulousLabs/entropy-mnemonics"
  packages = ["."]
  pruneopts = "UT"
  revision = "7b01a644a63680b90de22bacfb11d832e944eaab"

[[projects]]
  branch = "master"
  digest = "1:cd9402bbeef43a72e786ac3c860f790d64a8afbeabf3564dfbebfb01c7b0b199"
  name = "github.com/NebulousLabs/errors"
  packages = ["."]
  pruneopts = "UT"
  revision = "7ead97ef90b8efe5e824efdf129a60498291632a"

[[projects]]
  branch = "master"
  digest = "1:9a112e9f617878a9a643fdfcb7c31afaf0cf8859b8c179bf6bf53f9f881be695"
  name = "github.com/NebulousLabs/fastrand"
  packages = ["."]
  pruneopts = "UT"
  revision = "3cf7173006a0b7d2371fa1a220da7f9d48c7827c"

[[projects]]
  branch = "master"
  digest = "1:b01db4a62ad4d7aee34e6ff3fc7cdf3e80242dc07efcdab26bfff8d0fa9c9a23"
  name = "github.com/NebulousLabs/merkletree"
  packages = ["."]
  pruneopts = "UT"
  revision = "2a1d1d1dc33ce5cf7271c7560c8c62423dd0b094"

[[projects]]
  branch = "master"
  digest = "1:c86576a7effb21c133b3f07c46d11cf93eda716a7ee005f3035fcb9165018953"
  name = "github.com/XiaoMi/pegasus-go-client"
  packages = [
    "idl/base",
    "idl/replication",
    "idl/rrdb",
    "pegalog",
    "pegasus",
    "rpc",
    "session",
  ]
  pruneopts = "UT"
  revision = "9400942c5d1c1243cd1934757119e3ef5c8f8aa5"

[[projects]]
  digest = "1:e64acfe8cda1955db545ede8e863c54d69f1ac6cd058df4349be4040320840fd"
  name = "github.com/apache/thrift"
  packages = ["lib/go/thrift"]
  pruneopts = "UT"
  revision = "327ebb6c2b6df8bf075da02ef45a2a034e9b79ba"
  version = "0.11.0"

[[projects]]
  branch = "master"
  digest = "1:c0decf632843204d2b8781de7b26e7038584e2dcccc7e2f401e88ae85b1df2b7"
  name = "github.com/btcsuite/btcd"
  packages = ["btcec"]
  pruneopts = "UT"
  revision = "67e573d211ace594f1366b4ce9d39726c4b19bd0"

[[projects]]
  digest = "1:c28625428387b63dd7154eb857f51e700465cfbf7c06f619e71f2da33cefe47e"
  name = "github.com/coreos/bbolt"
  packages = ["."]
  pruneopts = "UT"
  revision = "583e8937c61f1af6513608ccc75c97b6abdf4ff9"
  version = "v1.3.0"

[[projects]]
  digest = "1:ffe9824d294da03b391f44e1ae8281281b4afc1bdaa9588c9097785e3af10cec"
  name = "github.com/davecgh/go-spew"
  packages = ["spew"]
  pruneopts = "UT"
  revision = "8991bc29aa16c548c550c7ff78260e27b9ab7c73"
  version = "v1.1.1"

[[projects]]
  branch = "master"
  digest = "1:05cf4e9e60a620f39b540b8ae6120675740d5f41050a40587d36f599fbbc338c"
  name = "github.com/dchest/blake256"
  packages = ["."]
  pruneopts = "UT"
  revision = "dee3fe6eb0e98dc774a94fc231f85baf7c29d360"

[[projects]]
  digest = "1:6e0bace02164b96762f35e9011c931d6f270a4e84e46a35a854910b9216153d8"
  name = "github.com/decred/base58"
  packages = ["."]
  pruneopts = "UT"
  revision = "56c501706f00d9e1cfacee19a27117e12da24734"
  version = "v1.0.0"

[[projects]]
  digest = "1:5f5090f05382959db941fa45acbeb7f4c5241aa8ac0f8f4393dec696e5953f53"
  name = "github.com/dgraph-io/badger"
  packages = [
    ".",
    "options",
    "protos",
    "skl",
    "table",
    "y",
  ]
  pruneopts = "UT"
  revision = "99233d725dbdd26d156c61b2f42ae1671b794656"
  version = "v1.5.4"

[[projects]]
  branch = "master"
  digest = "1:8583eab935e3d99d3a7ac489cd2ee7c8e95eecd7c64ab1fc8382746dacaf8563"
  name = "github.com/dgryski/go-farm"
  packages = ["."]
  pruneopts = "UT"
  revision = "2de33835d10275975374b37b2dcfd22c9020a1f5"

[[projects]]
  digest = "1:586ea76dbd0374d6fb649a91d70d652b7fe0ccffb8910a77468e7702e7901f3d"
  name = "github.com/go-stack/stack"
  packages = ["."]
  pruneopts = "UT"
  revision = "2fee6af1a9795aafbe0253a0cfbdf668e1fb8a9a"
  version = "v1.8.0"

[[projects]]
  digest = "1:eadabf0f61f62c1c00eb476c1ffd05956eb54e67860e5580e87bfdc155bc1b00"
  name = "github.com/golang/protobuf"
  packages = [
    "jsonpb/jsonpb_test_proto",
    "proto",
    "proto/proto3_proto",
    "proto/test_proto",
    "ptypes",
    "ptypes/any",
    "ptypes/duration",
    "ptypes/struct",
    "ptypes/timestamp",
    "ptypes/wrappers",
  ]
  pruneopts = "UT"
  revision = "aa810b61a9c79d51363740d207bb46cf8e620ed5"
  version = "v1.2.0"

[[projects]]
  branch = "master"
  digest = "1:4a0c6bb4805508a6287675fac876be2ac1182539ca8a32468d8128882e9d5009"
  name = "github.com/golang/snappy"
  packages = ["."]
  pruneopts = "UT"
  revision = "2e65f85255dbc3072edf28d6b5b8efc472979f5a"

[[projects]]
  branch = "master"
  digest = "1:65a3104ed11ab8453591c4d7bdf3bbf9838ead7f61ab25b04966e8b36d969e89"
  name = "github.com/haltingstate/secp256k1-go"
  packages = [
    ".",
    "secp256k1-go2",
  ]
  pruneopts = "UT"
  revision = "572209b26df66a638573023571b5ce80983214eb"

[[projects]]
  digest = "1:8ec8d88c248041a6df5f6574b87bc00e7e0b493881dad2e7ef47b11dc69093b5"
  name = "github.com/hashicorp/golang-lru"
  packages = [
    ".",
    "simplelru",
  ]
  pruneopts = "UT"
  revision = "20f1fb78b0740ba8c3cb143a61e86ba5c8669768"
  version = "v0.5.0"

[[projects]]
  digest = "1:c00cc6d95a674b4b923ac069d364445043bc67836e9bd8aeff8440cfbe6a2cc7"
  name = "github.com/huin/goupnp"
  packages = [
    ".",
    "dcps/internetgateway1",
    "dcps/internetgateway2",
    "httpu",
    "scpd",
    "soap",
    "ssdp",
  ]
  pruneopts = "UT"
  revision = "656e61dfadd241c7cbdd22a023fa81ecb6860ea8"
  version = "v1.0.0"

[[projects]]
  digest = "1:870d441fe217b8e689d7949fef6e43efbc787e50f200cb1e70dbca9204a1d6be"
  name = "github.com/inconshreveable/mousetrap"
  packages = ["."]
  pruneopts = "UT"
  revision = "76626ae9c91c4f2a10f34cad8ce83ea42c93bb75"
  version = "v1.0"

[[projects]]
  digest = "1:32b82e71cf24f8b78323e0d7903c4b90278486283965aa2a19b1ea13763b8f34"
  name = "github.com/jackpal/go-nat-pmp"
  packages = ["."]
  pruneopts = "UT"
  revision = "c9cfead9f2a36ddf3daa40ba269aa7f4bbba6b62"
  version = "v1.0.1"

[[projects]]
  digest = "1:ca955a9cd5b50b0f43d2cc3aeb35c951473eeca41b34eb67507f1dbcc0542394"
  name = "github.com/kr/pretty"
  packages = ["."]
  pruneopts = "UT"
  revision = "73f6ac0b30a98e433b289500d779f50c1a6f0712"
  version = "v0.1.0"

[[projects]]
  digest = "1:15b5cc79aad436d47019f814fde81a10221c740dc8ddf769221a65097fb6c2e9"
  name = "github.com/kr/text"
  packages = ["."]
  pruneopts = "UT"
  revision = "e2ffdb16a802fe2bb95e2e35ff34f0e53aeef34f"
  version = "v0.1.0"

[[projects]]
  digest = "1:c658e84ad3916da105a761660dcaeb01e63416c8ec7bc62256a9b411a05fcd67"
  name = "github.com/mattn/go-colorable"
  packages = ["."]
  pruneopts = "UT"
  revision = "167de6bfdfba052fa6b2d3664c8f5272e23c9072"
  version = "v0.0.9"

[[projects]]
  digest = "1:0981502f9816113c9c8c4ac301583841855c8cf4da8c72f696b3ebedf6d0e4e5"
  name = "github.com/mattn/go-isatty"
  packages = ["."]
  pruneopts = "UT"
  revision = "6ca4dbf54d38eea1a992b3c722a76a5d1c4cb25c"
  version = "v0.0.4"

[[projects]]
  digest = "1:cf5b7fbff2c87cff6c0e11f87b30edc21abc6592e6a76f41003ca6d5a712cf48"
  name = "github.com/mr-tron/base58"
  packages = ["base58"]
  pruneopts = "UT"
  revision = "89529c6904fcd077434931b4eac8b4b2f0991baf"
  version = "v1.1.0"

[[projects]]
  digest = "1:40e195917a951a8bf867cd05de2a46aaf1806c50cf92eebf4c16f78cd196f747"
  name = "github.com/pkg/errors"
  packages = ["."]
  pruneopts = "UT"
  revision = "645ef00459ed84a119197bfb8d8205042c6df63d"
  version = "v0.8.0"

[[projects]]
  digest = "1:0028cb19b2e4c3112225cd871870f2d9cf49b9b4276531f03438a88e94be86fe"
  name = "github.com/pmezard/go-difflib"
  packages = ["difflib"]
  pruneopts = "UT"
  revision = "792786c7400a136282c1664665ae0a8db921c6c2"
  version = "v1.0.0"

[[projects]]
  digest = "1:b0c25f00bad20d783d259af2af8666969e2fc343fa0dc9efe52936bbd67fb758"
  name = "github.com/rs/cors"
  packages = ["."]
  pruneopts = "UT"
  revision = "9a47f48565a795472d43519dd49aac781f3034fb"
  version = "v1.6.0"

[[projects]]
  digest = "1:645cabccbb4fa8aab25a956cbcbdf6a6845ca736b2c64e197ca7cbb9d210b939"
  name = "github.com/spf13/cobra"
  packages = ["."]
  pruneopts = "UT"
  revision = "ef82de70bb3f60c65fb8eebacbb2d122ef517385"
  version = "v0.0.3"

[[projects]]
  digest = "1:c1b1102241e7f645bc8e0c22ae352e8f0dc6484b6cb4d132fa9f24174e0119e2"
  name = "github.com/spf13/pflag"
  packages = ["."]
  pruneopts = "UT"
  revision = "298182f68c66c05229eb03ac171abe6e309ee79a"
  version = "v1.0.3"

[[projects]]
  digest = "1:ac83cf90d08b63ad5f7e020ef480d319ae890c208f8524622a2f3136e2686b02"
  name = "github.com/stretchr/objx"
  packages = ["."]
  pruneopts = "UT"
  revision = "477a77ecc69700c7cdeb1fa9e129548e1c1c393c"
  version = "v0.1.1"

[[projects]]
  digest = "1:cf4fdb98e23a565bd82473027d37512a3d5b186fba3a1895d7e8401d8ce3ffe1"
  name = "github.com/stretchr/testify"
  packages = [
    "assert",
    "mock",
    "require",
  ]
  pruneopts = "UT"
  revision = "f35b8ab0b5a2cef36673838d662e249dd9c94686"
  version = "v1.2.2"

[[projects]]
  branch = "master"
  digest = "1:9ff9e1808adfc43f788f1c1e9fd2660c285b522243da985a4c043ec6f2a2d736"
  name = "github.com/syndtr/goleveldb"
  packages = [
    "leveldb",
    "leveldb/cache",
    "leveldb/comparer",
    "leveldb/errors",
    "leveldb/filter",
    "leveldb/iterator",
    "leveldb/journal",
    "leveldb/memdb",
    "leveldb/opt",
    "leveldb/storage",
    "leveldb/table",
    "leveldb/util",
  ]
  pruneopts = "UT"
  revision = "f9080354173f192dfc8821931eacf9cfd6819253"

[[projects]]
  digest = "1:dd9ebf6b20fec41693b69b8f0392c12250fa3bcc4c3961bb81d6b745c4bcf9d0"
  name = "github.com/tjfoc/gmsm"
  packages = [
    "sm2",
    "sm3",
  ]
  pruneopts = "UT"
  revision = "98aa888b79d8de04afe0fccf45ed10594efc858b"
  version = "v1.1"

[[projects]]
  branch = "master"
  digest = "1:21522f9602604fff534ab71ec1c91cee9e963505e4bc2bbdeefb6863de52e229"
  name = "golang.org/x/crypto"
  packages = [
    "blake2b",
    "curve25519",
    "ed25519",
    "ed25519/internal/edwards25519",
    "internal/chacha20",
    "internal/subtle",
    "nacl/box",
    "nacl/secretbox",
    "pbkdf2",
    "poly1305",
    "ripemd160",
    "salsa20/salsa",
    "sha3",
    "ssh",
    "twofish",
  ]
  pruneopts = "UT"
  revision = "e4dc69e5b2fd71dcaf8bd5d054eb936deb78d1fa"

[[projects]]
  branch = "master"
  digest = "1:8e4cc636d70e1402963972d4bf761ce6f4a432e74a537917b3198ec026ebc98c"
  name = "golang.org/x/net"
  packages = [
    "context",
    "html",
    "html/atom",
    "html/charset",
    "http/httpguts",
    "http2",
    "http2/hpack",
    "idna",
    "internal/timeseries",
    "trace",
  ]
  pruneopts = "UT"
  revision = "03003ca0c849e57b6ea29a4bab8d3cb6e4d568fe"

[[projects]]
  branch = "master"
  digest = "1:e9609f7e36a3fecb7dc9e3a15f9881011f9d8c42f94c9d5da231eb0c07826dc8"
  name = "golang.org/x/sys"
  packages = [
    "cpu",
    "unix",
  ]
  pruneopts = "UT"
  revision = "66b7b1311ac80bbafcd2daeef9a5e6e2cd1e2399"

[[projects]]
  digest = "1:436b24586f8fee329e0dd65fd67c817681420cda1d7f934345c13fe78c212a73"
  name = "golang.org/x/text"
  packages = [
    "collate",
    "collate/build",
    "encoding",
    "encoding/charmap",
    "encoding/htmlindex",
    "encoding/internal",
    "encoding/internal/identifier",
    "encoding/japanese",
    "encoding/korean",
    "encoding/simplifiedchinese",
    "encoding/traditionalchinese",
    "encoding/unicode",
    "internal/colltab",
    "internal/gen",
    "internal/tag",
    "internal/triegen",
    "internal/ucd",
    "internal/utf8internal",
    "language",
    "runes",
    "secure/bidirule",
    "transform",
    "unicode/bidi",
    "unicode/cldr",
    "unicode/norm",
    "unicode/rangetable",
  ]
  pruneopts = "UT"
  revision = "f21a4dfb5e38f5895301dc265a8def02365cc3d0"
  version = "v0.3.0"

[[projects]]
  branch = "master"
  digest = "1:56b0bca90b7e5d1facf5fbdacba23e4e0ce069d25381b8e2f70ef1e7ebfb9c1a"
  name = "google.golang.org/genproto"
  packages = ["googleapis/rpc/status"]
  pruneopts = "UT"
  revision = "5fc9ac5403620be16bcdb0c8e7644b1178472c3b"

[[projects]]
  digest = "1:3519dd1f71ac3b527b9d13208e107041fe74deaa7b76143103d4a24e92d7cecd"
  name = "google.golang.org/grpc"
  packages = [
    ".",
    "balancer",
    "balancer/base",
    "balancer/roundrobin",
    "codes",
    "connectivity",
    "credentials",
    "encoding",
    "encoding/gzip",
    "encoding/proto",
    "grpclog",
    "internal",
    "internal/backoff",
    "internal/channelz",
    "internal/envconfig",
    "internal/grpcrand",
    "internal/transport",
    "keepalive",
    "metadata",
    "naming",
    "peer",
    "resolver",
    "resolver/dns",
    "resolver/passthrough",
    "stats",
    "status",
    "tap",
  ]
  pruneopts = "UT"
  revision = "2e463a05d100327ca47ac218281906921038fd95"
  version = "v1.16.0"

[[projects]]
  branch = "v1"
  digest = "1:af715ae33cc1f5695c4b2a4e4b21d008add8802a99e15bb467ac7c32edb5000d"
  name = "gopkg.in/check.v1"
  packages = ["."]
  pruneopts = "UT"
  revision = "788fd78401277ebd861206a03c884797c6ec5541"

[[projects]]
  digest = "1:717ae725b36550a31f5060b4b549063b8a9cc72e55119ea051b59db6101f490b"
  name = "gopkg.in/go-playground/webhooks.v5"
  packages = ["github"]
  pruneopts = "UT"
  revision = "dfc330f6eb49e2cf5b18ca40df7229a83f36e137"
  version = "v5.2.0"

[[projects]]
  digest = "1:c805e517269b0ba4c21ded5836019ed7d16953d4026cb7d00041d039c7906be9"
  name = "gopkg.in/natefinch/lumberjack.v2"
  packages = ["."]
  pruneopts = "UT"
  revision = "a96e63847dc3c67d17befa69c303767e2f84e54f"
  version = "v2.1"

[[projects]]
  branch = "v2"
  digest = "1:5bb148b78468350091db2ffbb2370f35cc6dcd74d9378a31b1c7b86ff7528f08"
  name = "gopkg.in/tomb.v2"
  packages = ["."]
  pruneopts = "UT"
  revision = "d5d1b5820637886def9eef33e03a27a9f166942c"

[solve-meta]
  analyzer-name = "dep"
  analyzer-version = 1
  input-imports = [
    "github.com/BurntSushi/toml",
    "github.com/NebulousLabs/Sia/crypto",
    "github.com/NebulousLabs/Sia/modules",
    "github.com/XiaoMi/pegasus-go-client/pegasus",
    "github.com/btcsuite/btcd/btcec",
    "github.com/decred/base58",
    "github.com/dgraph-io/badger",
    "github.com/dgraph-io/badger/options",
    "github.com/go-stack/stack",
    "github.com/golang/protobuf/jsonpb/jsonpb_test_proto",
    "github.com/golang/protobuf/proto",
    "github.com/golang/protobuf/proto/proto3_proto",
    "github.com/golang/protobuf/ptypes",
    "github.com/golang/protobuf/ptypes/any",
    "github.com/golang/protobuf/ptypes/duration",
    "github.com/golang/protobuf/ptypes/struct",
    "github.com/golang/protobuf/ptypes/timestamp",
    "github.com/golang/protobuf/ptypes/wrappers",
    "github.com/haltingstate/secp256k1-go",
    "github.com/hashicorp/golang-lru",
    "github.com/huin/goupnp",
    "github.com/huin/goupnp/dcps/internetgateway1",
    "github.com/huin/goupnp/dcps/internetgateway2",
    "github.com/huin/goupnp/httpu",
    "github.com/jackpal/go-nat-pmp",
    "github.com/mattn/go-colorable",
    "github.com/mr-tron/base58/base58",
    "github.com/pkg/errors",
    "github.com/rs/cors",
    "github.com/spf13/cobra",
    "github.com/stretchr/testify/assert",
    "github.com/stretchr/testify/mock",
    "github.com/stretchr/testify/require",
    "github.com/syndtr/goleveldb/leveldb",
    "github.com/syndtr/goleveldb/leveldb/errors",
    "github.com/syndtr/goleveldb/leveldb/filter",
    "github.com/syndtr/goleveldb/leveldb/iterator",
    "github.com/syndtr/goleveldb/leveldb/opt",
    "github.com/syndtr/goleveldb/leveldb/util",
    "github.com/tjfoc/gmsm/sm2",
    "github.com/tjfoc/gmsm/sm3",
    "golang.org/x/crypto/nacl/box",
    "golang.org/x/crypto/nacl/secretbox",
    "golang.org/x/crypto/pbkdf2",
    "golang.org/x/crypto/ripemd160",
    "golang.org/x/crypto/ssh",
    "golang.org/x/net/context",
    "golang.org/x/net/trace",
    "golang.org/x/sys/unix",
    "google.golang.org/grpc",
    "google.golang.org/grpc/codes",
    "google.golang.org/grpc/encoding/gzip",
    "google.golang.org/grpc/grpclog",
    "google.golang.org/grpc/keepalive",
    "google.golang.org/grpc/peer",
    "gopkg.in/check.v1",
    "gopkg.in/go-playground/webhooks.v5/github",
    "gopkg.in/natefinch/lumberjack.v2",
  ]
  solver-name = "gps-cdcl"
  solver-version = 1
